
Microsoft Visual Studio Solution File, Format Version 12.00
# Visual Studio Version 16
VisualStudioVersion = 16.0.30503.244
MinimumVisualStudioVersion = 10.0.40219.1
Project("{FAE04EC0-301F-11D3-BF4B-00C04F79EFBC}") = "lab9", "lab9.csproj", "{0A1E92AD-6779-433A-AD59-E86AB50EF689}"
EndProject
Global
	GlobalSection(SolutionConfigurationPlatforms) = preSolution
		Debug|Any CPU = Debug|Any CPU
		Release|Any CPU = Release|Any CPU
	EndGlobalSection
	GlobalSection(ProjectConfigurationPlatforms) = postSolution
		{0A1E92AD-6779-433A-AD59-E86AB50EF689}.Debug|Any CPU.ActiveCfg = Debug|Any CPU
		{0A1E92AD-6779-433A-AD59-E86AB50EF689}.Debug|Any CPU.Build.0 = Debug|Any CPU
		{0A1E92AD-6779-433A-AD59-E86AB50EF689}.Release|Any CPU.ActiveCfg = Release|Any CPU
		{0A1E92AD-6779-433A-AD59-E86AB50EF689}.Release|Any CPU.Build.0 = Release|Any CPU
	EndGlobalSection
	GlobalSection(SolutionProperties) = preSolution
		HideSolutionNode = FALSE
	EndGlobalSection
	GlobalSection(ExtensibilityGlobals) = postSolution
		SolutionGuid = {BC2D3670-AE6F-407C-8E71-954CBB4A154A}
	EndGlobalSection
EndGlobal
